# This file is autogenerated, do not edit; changes may be undone by the next 'dep ensure'.


[[projects]]
  name = "github.com/gyuho/goraph"
  packages = ["."]
  revision = "d460590d53a91b1f29347ca9b01d1e8c158cbeb2"
  version = "v2.0"

[solve-meta]
  analyzer-name = "dep"
  analyzer-version = 1
  inputs-digest = "cad3dc32fe5c2928c8d7559e0a723467d3d733185ae0578f47c49d9cead1ea9e"
  solver-name = "gps-cdcl"
  solver-version = 1
